
Microsoft Visual Studio Solution File, Format Version 12.00
# Visual Studio Version 17
VisualStudioVersion = 17.9.34701.34
MinimumVisualStudioVersion = 10.0.40219.1
Project("{9A19103F-16F7-4668-BE54-9A1E7A4F7556}") = "SalesFlow", "SalesFlow\SalesFlow.csproj", "{7113EE69-3729-41CB-9B7C-2B2F76872180}"
EndProject
Project("{2150E333-8FDC-42A3-9474-1A3956D46DE8}") = "source", "source", "{86FE4971-1E3A-4E21-8C01-DBFEF17A0D79}"
EndProject
Project("{2150E333-8FDC-42A3-9474-1A3956D46DE8}") = "core", "core", "{94D13016-348C-481B-8646-AEC3C4B1AB40}"
EndProject
Project("{2150E333-8FDC-42A3-9474-1A3956D46DE8}") = "infrastructure", "infrastructure", "{66F48644-7321-43CE-9E5E-AE3C02BA2E69}"
EndProject
Project("{2150E333-8FDC-42A3-9474-1A3956D46DE8}") = "presentation", "presentation", "{7816C876-5DA9-45DB-8FC2-7E1A8D74231D}"
EndProject
Project("{9A19103F-16F7-4668-BE54-9A1E7A4F7556}") = "SalesFlow.Application", "SalesFlow.Application\SalesFlow.Application.csproj", "{3A0BDC3E-606D-4566-A7AE-C040A6BF3CAD}"
EndProject
Project("{9A19103F-16F7-4668-BE54-9A1E7A4F7556}") = "SalesFlow.Domain", "SalesFlow.Domain\SalesFlow.Domain.csproj", "{D8275BA3-9665-4C62-ACCE-ADE79FACAEDD}"
EndProject
Project("{9A19103F-16F7-4668-BE54-9A1E7A4F7556}") = "SalesFlow.Identity", "SalesFlow.Identity\SalesFlow.Identity.csproj", "{4122A01A-10FF-4FDB-9294-305AB57F9715}"
EndProject
Project("{9A19103F-16F7-4668-BE54-9A1E7A4F7556}") = "SalesFlow.Persistence", "SalesFlow.Persistence\SalesFlow.Persistence.csproj", "{ADE17787-53F2-41A9-8F9B-2D985A289BD4}"
EndProject
Project("{9A19103F-16F7-4668-BE54-9A1E7A4F7556}") = "SalesFlow.Shared", "SalesFlow.Shared\SalesFlow.Shared.csproj", "{4EF835D3-0DEC-4C28-8730-154023544C60}"
EndProject
Project("{2150E333-8FDC-42A3-9474-1A3956D46DE8}") = "WebApp", "WebApp", "{2A69B157-7557-45DB-A786-74422BA1C474}"
EndProject
Project("{2150E333-8FDC-42A3-9474-1A3956D46DE8}") = "WebApi", "WebApi", "{D969C671-4B54-4BEB-86D7-49C6F9CAA57A}"
EndProject
Project("{FAE04EC0-301F-11D3-BF4B-00C04F79EFBC}") = "SalesFlow.Api", "SalesFlow.Api\SalesFlow.Api.csproj", "{3D8CB209-2F12-43CB-BBDA-6661EEC15EF9}"
EndProject
Global
	GlobalSection(SolutionConfigurationPlatforms) = preSolution
		Debug|Any CPU = Debug|Any CPU
		Release|Any CPU = Release|Any CPU
	EndGlobalSection
	GlobalSection(ProjectConfigurationPlatforms) = postSolution
		{7113EE69-3729-41CB-9B7C-2B2F76872180}.Debug|Any CPU.ActiveCfg = Debug|Any CPU
		{7113EE69-3729-41CB-9B7C-2B2F76872180}.Debug|Any CPU.Build.0 = Debug|Any CPU
		{7113EE69-3729-41CB-9B7C-2B2F76872180}.Release|Any CPU.ActiveCfg = Release|Any CPU
		{7113EE69-3729-41CB-9B7C-2B2F76872180}.Release|Any CPU.Build.0 = Release|Any CPU
		{3A0BDC3E-606D-4566-A7AE-C040A6BF3CAD}.Debug|Any CPU.ActiveCfg = Debug|Any CPU
		{3A0BDC3E-606D-4566-A7AE-C040A6BF3CAD}.Debug|Any CPU.Build.0 = Debug|Any CPU
		{3A0BDC3E-606D-4566-A7AE-C040A6BF3CAD}.Release|Any CPU.ActiveCfg = Release|Any CPU
		{3A0BDC3E-606D-4566-A7AE-C040A6BF3CAD}.Release|Any CPU.Build.0 = Release|Any CPU
		{D8275BA3-9665-4C62-ACCE-ADE79FACAEDD}.Debug|Any CPU.ActiveCfg = Debug|Any CPU
		{D8275BA3-9665-4C62-ACCE-ADE79FACAEDD}.Debug|Any CPU.Build.0 = Debug|Any CPU
		{D8275BA3-9665-4C62-ACCE-ADE79FACAEDD}.Release|Any CPU.ActiveCfg = Release|Any CPU
		{D8275BA3-9665-4C62-ACCE-ADE79FACAEDD}.Release|Any CPU.Build.0 = Release|Any CPU
		{4122A01A-10FF-4FDB-9294-305AB57F9715}.Debug|Any CPU.ActiveCfg = Debug|Any CPU
		{4122A01A-10FF-4FDB-9294-305AB57F9715}.Debug|Any CPU.Build.0 = Debug|Any CPU
		{4122A01A-10FF-4FDB-9294-305AB57F9715}.Release|Any CPU.ActiveCfg = Release|Any CPU
		{4122A01A-10FF-4FDB-9294-305AB57F9715}.Release|Any CPU.Build.0 = Release|Any CPU
		{ADE17787-53F2-41A9-8F9B-2D985A289BD4}.Debug|Any CPU.ActiveCfg = Debug|Any CPU
		{ADE17787-53F2-41A9-8F9B-2D985A289BD4}.Debug|Any CPU.Build.0 = Debug|Any CPU
		{ADE17787-53F2-41A9-8F9B-2D985A289BD4}.Release|Any CPU.ActiveCfg = Release|Any CPU
		{ADE17787-53F2-41A9-8F9B-2D985A289BD4}.Release|Any CPU.Build.0 = Release|Any CPU
		{4EF835D3-0DEC-4C28-8730-154023544C60}.Debug|Any CPU.ActiveCfg = Debug|Any CPU
		{4EF835D3-0DEC-4C28-8730-154023544C60}.Debug|Any CPU.Build.0 = Debug|Any CPU
		{4EF835D3-0DEC-4C28-8730-154023544C60}.Release|Any CPU.ActiveCfg = Release|Any CPU
		{4EF835D3-0DEC-4C28-8730-154023544C60}.Release|Any CPU.Build.0 = Release|Any CPU
		{3D8CB209-2F12-43CB-BBDA-6661EEC15EF9}.Debug|Any CPU.ActiveCfg = Debug|Any CPU
		{3D8CB209-2F12-43CB-BBDA-6661EEC15EF9}.Debug|Any CPU.Build.0 = Debug|Any CPU
		{3D8CB209-2F12-43CB-BBDA-6661EEC15EF9}.Release|Any CPU.ActiveCfg = Release|Any CPU
		{3D8CB209-2F12-43CB-BBDA-6661EEC15EF9}.Release|Any CPU.Build.0 = Release|Any CPU
	EndGlobalSection
	GlobalSection(SolutionProperties) = preSolution
		HideSolutionNode = FALSE
	EndGlobalSection
	GlobalSection(NestedProjects) = preSolution
		{7113EE69-3729-41CB-9B7C-2B2F76872180} = {2A69B157-7557-45DB-A786-74422BA1C474}
		{94D13016-348C-481B-8646-AEC3C4B1AB40} = {86FE4971-1E3A-4E21-8C01-DBFEF17A0D79}
		{66F48644-7321-43CE-9E5E-AE3C02BA2E69} = {86FE4971-1E3A-4E21-8C01-DBFEF17A0D79}
		{7816C876-5DA9-45DB-8FC2-7E1A8D74231D} = {86FE4971-1E3A-4E21-8C01-DBFEF17A0D79}
		{3A0BDC3E-606D-4566-A7AE-C040A6BF3CAD} = {94D13016-348C-481B-8646-AEC3C4B1AB40}
		{D8275BA3-9665-4C62-ACCE-ADE79FACAEDD} = {94D13016-348C-481B-8646-AEC3C4B1AB40}
		{4122A01A-10FF-4FDB-9294-305AB57F9715} = {66F48644-7321-43CE-9E5E-AE3C02BA2E69}
		{ADE17787-53F2-41A9-8F9B-2D985A289BD4} = {66F48644-7321-43CE-9E5E-AE3C02BA2E69}
		{4EF835D3-0DEC-4C28-8730-154023544C60} = {66F48644-7321-43CE-9E5E-AE3C02BA2E69}
		{2A69B157-7557-45DB-A786-74422BA1C474} = {7816C876-5DA9-45DB-8FC2-7E1A8D74231D}
		{D969C671-4B54-4BEB-86D7-49C6F9CAA57A} = {7816C876-5DA9-45DB-8FC2-7E1A8D74231D}
		{3D8CB209-2F12-43CB-BBDA-6661EEC15EF9} = {D969C671-4B54-4BEB-86D7-49C6F9CAA57A}
	EndGlobalSection
	GlobalSection(ExtensibilityGlobals) = postSolution
		SolutionGuid = {28B47650-4C8B-4F7B-A75A-966FF4E12C95}
	EndGlobalSection
EndGlobal
